
Microsoft Visual Studio Solution File, Format Version 12.00
# Visual Studio 2013
VisualStudioVersion = 12.0.31101.0
MinimumVisualStudioVersion = 10.0.40219.1
Project("{FAE04EC0-301F-11D3-BF4B-00C04F79EFBC}") = "NotakeyPGINA", "NotakeyPGINA\NotakeyPGINA.csproj", "{264DDEB6-192A-4A65-9E2D-61F29263D8EC}"
EndProject
Global
	GlobalSection(SolutionConfigurationPlatforms) = preSolution
		Debug|Any CPU = Debug|Any CPU
		Release|Any CPU = Release|Any CPU
	EndGlobalSection
	GlobalSection(ProjectConfigurationPlatforms) = postSolution
		{264DDEB6-192A-4A65-9E2D-61F29263D8EC}.Debug|Any CPU.ActiveCfg = Debug|Any CPU
		{264DDEB6-192A-4A65-9E2D-61F29263D8EC}.Debug|Any CPU.Build.0 = Debug|Any CPU
		{264DDEB6-192A-4A65-9E2D-61F29263D8EC}.Release|Any CPU.ActiveCfg = Release|Any CPU
		{264DDEB6-192A-4A65-9E2D-61F29263D8EC}.Release|Any CPU.Build.0 = Release|Any CPU
	EndGlobalSection
	GlobalSection(SolutionProperties) = preSolution
		HideSolutionNode = FALSE
	EndGlobalSection
EndGlobal
